
Microsoft Visual Studio Solution File, Format Version 12.00
# Visual Studio Version 16
VisualStudioVersion = 16.0.33328.57
MinimumVisualStudioVersion = 10.0.40219.1
Project("{00D1A9C2-B5F0-4AF3-8072-F6C62B433612}") = "RetrosheetDbProj", "RetrosheetDbProj.sqlproj", "{CE6A3293-4101-4E75-91C3-6593A48FF2CE}"
EndProject
Global
	GlobalSection(SolutionConfigurationPlatforms) = preSolution
		Debug|Any CPU = Debug|Any CPU
		Release|Any CPU = Release|Any CPU
	EndGlobalSection
	GlobalSection(ProjectConfigurationPlatforms) = postSolution
		{CE6A3293-4101-4E75-91C3-6593A48FF2CE}.Debug|Any CPU.ActiveCfg = Debug|Any CPU
		{CE6A3293-4101-4E75-91C3-6593A48FF2CE}.Debug|Any CPU.Build.0 = Debug|Any CPU
		{CE6A3293-4101-4E75-91C3-6593A48FF2CE}.Debug|Any CPU.Deploy.0 = Debug|Any CPU
		{CE6A3293-4101-4E75-91C3-6593A48FF2CE}.Release|Any CPU.ActiveCfg = Release|Any CPU
		{CE6A3293-4101-4E75-91C3-6593A48FF2CE}.Release|Any CPU.Build.0 = Release|Any CPU
		{CE6A3293-4101-4E75-91C3-6593A48FF2CE}.Release|Any CPU.Deploy.0 = Release|Any CPU
	EndGlobalSection
	GlobalSection(SolutionProperties) = preSolution
		HideSolutionNode = FALSE
	EndGlobalSection
	GlobalSection(ExtensibilityGlobals) = postSolution
		SolutionGuid = {2AD33D6F-06EF-4903-BEAE-E32AF6797B28}
	EndGlobalSection
EndGlobal
